
Microsoft Visual Studio Solution File, Format Version 12.00
# Visual Studio Version 17
VisualStudioVersion = 17.12.35707.178 d17.12
MinimumVisualStudioVersion = 10.0.40219.1
Project("{FAE04EC0-301F-11D3-BF4B-00C04F79EFBC}") = "propertiesdemo", "propertiesdemo\propertiesdemo.csproj", "{E18C4426-4B7E-4C29-91EC-C4FFC6A8A6C0}"
EndProject
Project("{FAE04EC0-301F-11D3-BF4B-00C04F79EFBC}") = "propertiesdemo(V2)", "propertiesdemo(V2)\propertiesdemo(V2).csproj", "{858C91A0-FC6E-4476-804F-F05D03DEBCE7}"
EndProject
Project("{FAE04EC0-301F-11D3-BF4B-00C04F79EFBC}") = "staticdemo", "staticdemo\staticdemo.csproj", "{155F342E-CDB0-4146-B02A-975DBAA43B89}"
EndProject
Project("{FAE04EC0-301F-11D3-BF4B-00C04F79EFBC}") = "staticfunctiondemo", "staticfunctiondemo\staticfunctiondemo.csproj", "{E97A9ABE-6610-47B1-92D3-DA59C8E87083}"
EndProject
Project("{FAE04EC0-301F-11D3-BF4B-00C04F79EFBC}") = "inheritancedemo", "inheritancedemo\inheritancedemo.csproj", "{F0C64BAC-E36E-4329-9919-3B12444866C9}"
EndProject
Project("{FAE04EC0-301F-11D3-BF4B-00C04F79EFBC}") = "abstactionToOverComeDEmo", "abstactionToOverComeDEmo\abstactionToOverComeDEmo.csproj", "{DE78CA0D-1A39-4FAE-AD4B-3602D9365EDD}"
EndProject
Project("{FAE04EC0-301F-11D3-BF4B-00C04F79EFBC}") = "overloadingdemo", "overloadingdemo\overloadingdemo.csproj", "{400F7D0F-B12F-4792-8081-F4A4D176C53F}"
EndProject
Project("{FAE04EC0-301F-11D3-BF4B-00C04F79EFBC}") = "virtualfndemo", "virtualfndemo\virtualfndemo.csproj", "{6FB99040-2A76-482D-BAB9-08B457BEB5B5}"
EndProject
Global
	GlobalSection(SolutionConfigurationPlatforms) = preSolution
		Debug|Any CPU = Debug|Any CPU
		Release|Any CPU = Release|Any CPU
	EndGlobalSection
	GlobalSection(ProjectConfigurationPlatforms) = postSolution
		{E18C4426-4B7E-4C29-91EC-C4FFC6A8A6C0}.Debug|Any CPU.ActiveCfg = Debug|Any CPU
		{E18C4426-4B7E-4C29-91EC-C4FFC6A8A6C0}.Debug|Any CPU.Build.0 = Debug|Any CPU
		{E18C4426-4B7E-4C29-91EC-C4FFC6A8A6C0}.Release|Any CPU.ActiveCfg = Release|Any CPU
		{E18C4426-4B7E-4C29-91EC-C4FFC6A8A6C0}.Release|Any CPU.Build.0 = Release|Any CPU
		{858C91A0-FC6E-4476-804F-F05D03DEBCE7}.Debug|Any CPU.ActiveCfg = Debug|Any CPU
		{858C91A0-FC6E-4476-804F-F05D03DEBCE7}.Debug|Any CPU.Build.0 = Debug|Any CPU
		{858C91A0-FC6E-4476-804F-F05D03DEBCE7}.Release|Any CPU.ActiveCfg = Release|Any CPU
		{858C91A0-FC6E-4476-804F-F05D03DEBCE7}.Release|Any CPU.Build.0 = Release|Any CPU
		{155F342E-CDB0-4146-B02A-975DBAA43B89}.Debug|Any CPU.ActiveCfg = Debug|Any CPU
		{155F342E-CDB0-4146-B02A-975DBAA43B89}.Debug|Any CPU.Build.0 = Debug|Any CPU
		{155F342E-CDB0-4146-B02A-975DBAA43B89}.Release|Any CPU.ActiveCfg = Release|Any CPU
		{155F342E-CDB0-4146-B02A-975DBAA43B89}.Release|Any CPU.Build.0 = Release|Any CPU
		{E97A9ABE-6610-47B1-92D3-DA59C8E87083}.Debug|Any CPU.ActiveCfg = Debug|Any CPU
		{E97A9ABE-6610-47B1-92D3-DA59C8E87083}.Debug|Any CPU.Build.0 = Debug|Any CPU
		{E97A9ABE-6610-47B1-92D3-DA59C8E87083}.Release|Any CPU.ActiveCfg = Release|Any CPU
		{E97A9ABE-6610-47B1-92D3-DA59C8E87083}.Release|Any CPU.Build.0 = Release|Any CPU
		{F0C64BAC-E36E-4329-9919-3B12444866C9}.Debug|Any CPU.ActiveCfg = Debug|Any CPU
		{F0C64BAC-E36E-4329-9919-3B12444866C9}.Debug|Any CPU.Build.0 = Debug|Any CPU
		{F0C64BAC-E36E-4329-9919-3B12444866C9}.Release|Any CPU.ActiveCfg = Release|Any CPU
		{F0C64BAC-E36E-4329-9919-3B12444866C9}.Release|Any CPU.Build.0 = Release|Any CPU
		{DE78CA0D-1A39-4FAE-AD4B-3602D9365EDD}.Debug|Any CPU.ActiveCfg = Debug|Any CPU
		{DE78CA0D-1A39-4FAE-AD4B-3602D9365EDD}.Debug|Any CPU.Build.0 = Debug|Any CPU
		{DE78CA0D-1A39-4FAE-AD4B-3602D9365EDD}.Release|Any CPU.ActiveCfg = Release|Any CPU
		{DE78CA0D-1A39-4FAE-AD4B-3602D9365EDD}.Release|Any CPU.Build.0 = Release|Any CPU
		{400F7D0F-B12F-4792-8081-F4A4D176C53F}.Debug|Any CPU.ActiveCfg = Debug|Any CPU
		{400F7D0F-B12F-4792-8081-F4A4D176C53F}.Debug|Any CPU.Build.0 = Debug|Any CPU
		{400F7D0F-B12F-4792-8081-F4A4D176C53F}.Release|Any CPU.ActiveCfg = Release|Any CPU
		{400F7D0F-B12F-4792-8081-F4A4D176C53F}.Release|Any CPU.Build.0 = Release|Any CPU
		{6FB99040-2A76-482D-BAB9-08B457BEB5B5}.Debug|Any CPU.ActiveCfg = Debug|Any CPU
		{6FB99040-2A76-482D-BAB9-08B457BEB5B5}.Debug|Any CPU.Build.0 = Debug|Any CPU
		{6FB99040-2A76-482D-BAB9-08B457BEB5B5}.Release|Any CPU.ActiveCfg = Release|Any CPU
		{6FB99040-2A76-482D-BAB9-08B457BEB5B5}.Release|Any CPU.Build.0 = Release|Any CPU
	EndGlobalSection
	GlobalSection(SolutionProperties) = preSolution
		HideSolutionNode = FALSE
	EndGlobalSection
EndGlobal
